
Microsoft Visual Studio Solution File, Format Version 12.00
# Visual Studio Version 16
VisualStudioVersion = 16.0.28803.452
MinimumVisualStudioVersion = 10.0.40219.1
Project("{FAE04EC0-301F-11D3-BF4B-00C04F79EFBC}") = "OOP_example2", "OOP_example2\OOP_example2.csproj", "{8764189C-ED3C-48E5-AEC6-D3750255D40D}"
EndProject
Global
	GlobalSection(SolutionConfigurationPlatforms) = preSolution
		Debug|Any CPU = Debug|Any CPU
		Release|Any CPU = Release|Any CPU
	EndGlobalSection
	GlobalSection(ProjectConfigurationPlatforms) = postSolution
		{8764189C-ED3C-48E5-AEC6-D3750255D40D}.Debug|Any CPU.ActiveCfg = Debug|Any CPU
		{8764189C-ED3C-48E5-AEC6-D3750255D40D}.Debug|Any CPU.Build.0 = Debug|Any CPU
		{8764189C-ED3C-48E5-AEC6-D3750255D40D}.Release|Any CPU.ActiveCfg = Release|Any CPU
		{8764189C-ED3C-48E5-AEC6-D3750255D40D}.Release|Any CPU.Build.0 = Release|Any CPU
	EndGlobalSection
	GlobalSection(SolutionProperties) = preSolution
		HideSolutionNode = FALSE
	EndGlobalSection
	GlobalSection(ExtensibilityGlobals) = postSolution
		SolutionGuid = {1D2224DD-F968-404F-99AF-6AC2B176FE11}
	EndGlobalSection
EndGlobal
